// !$*UTF8*$!
{
	archiveVersion = 1;
	classes = {
	};
	objectVersion = 46;
	objects = {

/* Begin PBXBuildFile section */
		18AFE5E91D30B7E1007BEBDE /* main.m in Sources */ = {isa = PBXBuildFile; fileRef = 18AFE5E81D30B7E1007BEBDE /* main.m */; };
		18AFE5EC1D30B7E1007BEBDE /* AppDelegate.m in Sources */ = {isa = PBXBuildFile; fileRef = 18AFE5EB1D30B7E1007BEBDE /* AppDelegate.m */; };
		18AFE5EF1D30B7E1007BEBDE /* ViewController.m in Sources */ = {isa = PBXBuildFile; fileRef = 18AFE5EE1D30B7E1007BEBDE /* ViewController.m */; };
		18AFE5F21D30B7E2007BEBDE /* Main.storyboard in Resources */ = {isa = PBXBuildFile; fileRef = 18AFE5F01D30B7E2007BEBDE /* Main.storyboard */; };
		18AFE5F51D30B7E2007BEBDE /* yingwo.xcdatamodeld in Sources */ = {isa = PBXBuildFile; fileRef = 18AFE5F31D30B7E2007BEBDE /* yingwo.xcdatamodeld */; };
		18AFE5F71D30B7E2007BEBDE /* Assets.xcassets in Resources */ = {isa = PBXBuildFile; fileRef = 18AFE5F61D30B7E2007BEBDE /* Assets.xcassets */; };
		18AFE5FA1D30B7E2007BEBDE /* LaunchScreen.storyboard in Resources */ = {isa = PBXBuildFile; fileRef = 18AFE5F81D30B7E2007BEBDE /* LaunchScreen.storyboard */; };
/* End PBXBuildFile section */

/* Begin PBXFileReference section */
		18AFE5E41D30B7E1007BEBDE /* yingwo.app */ = {isa = PBXFileReference; explicitFileType = wrapper.application; includeInIndex = 0; path = yingwo.app; sourceTree = BUILT_PRODUCTS_DIR; };
		18AFE5E81D30B7E1007BEBDE /* main.m */ = {isa = PBXFileReference; lastKnownFileType = sourcecode.c.objc; path = main.m; sourceTree = "<group>"; };
		18AFE5EA1D30B7E1007BEBDE /* AppDelegate.h */ = {isa = PBXFileReference; lastKnownFileType = sourcecode.c.h; path = AppDelegate.h; sourceTree = "<group>"; };
		18AFE5EB1D30B7E1007BEBDE /* AppDelegate.m */ = {isa = PBXFileReference; lastKnownFileType = sourcecode.c.objc; path = AppDelegate.m; sourceTree = "<group>"; };
		18AFE5ED1D30B7E1007BEBDE /* ViewController.h */ = {isa = PBXFileReference; lastKnownFileType = sourcecode.c.h; path = ViewController.h; sourceTree = "<group>"; };
		18AFE5EE1D30B7E1007BEBDE /* ViewController.m */ = {isa = PBXFileReference; lastKnownFileType = sourcecode.c.objc; path = ViewController.m; sourceTree = "<group>"; };
		18AFE5F11D30B7E2007BEBDE /* Base */ = {isa = PBXFileReference; lastKnownFileType = file.storyboard; name = Base; path = Base.lproj/Main.storyboard; sourceTree = "<group>"; };
		18AFE5F41D30B7E2007BEBDE /* yingwo.xcdatamodel */ = {isa = PBXFileReference; lastKnownFileType = wrapper.xcdatamodel; path = yingwo.xcdatamodel; sourceTree = "<group>"; };
		18AFE5F61D30B7E2007BEBDE /* Assets.xcassets */ = {isa = PBXFileReference; lastKnownFileType = folder.assetcatalog; path = Assets.xcassets; sourceTree = "<group>"; };
		18AFE5F91D30B7E2007BEBDE /* Base */ = {isa = PBXFileReference; lastKnownFileType = file.storyboard; name = Base; path = Base.lproj/LaunchScreen.storyboard; sourceTree = "<group>"; };
		18AFE5FB1D30B7E2007BEBDE /* Info.plist */ = {isa = PBXFileReference; lastKnownFileType = text.plist.xml; path = Info.plist; sourceTree = "<group>"; };
/* End PBXFileReference section */

/* Begin PBXFrameworksBuildPhase section */
		18AFE5E11D30B7E1007BEBDE /* Frameworks */ = {
			isa = PBXFrameworksBuildPhase;
			buildActionMask = 2147483647;
			files = (
			);
			runOnlyForDeploymentPostprocessing = 0;
		};
/* End PBXFrameworksBuildPhase section */

/* Begin PBXGroup section */
		18AFE5DB1D30B7E1007BEBDE = {
			isa = PBXGroup;
			children = (
				18AFE5E61D30B7E1007BEBDE /* yingwo */,
				18AFE5E51D30B7E1007BEBDE /* Products */,
			);
			sourceTree = "<group>";
		};
		18AFE5E51D30B7E1007BEBDE /* Products */ = {
			isa = PBXGroup;
			children = (
				18AFE5E41D30B7E1007BEBDE /* yingwo.app */,
			);
			name = Products;
			sourceTree = "<group>";
		};
		18AFE5E61D30B7E1007BEBDE /* yingwo */ = {
			isa = PBXGroup;
			children = (
				18AFE5EA1D30B7E1007BEBDE /* AppDelegate.h */,
				18AFE5EB1D30B7E1007BEBDE /* AppDelegate.m */,
				18AFE5ED1D30B7E1007BEBDE /* ViewController.h */,
				18AFE5EE1D30B7E1007BEBDE /* ViewController.m */,
				18AFE5F01D30B7E2007BEBDE /* Main.storyboard */,
				18AFE5F61D30B7E2007BEBDE /* Assets.xcassets */,
				18AFE5F81D30B7E2007BEBDE /* LaunchScreen.storyboard */,
				18AFE5FB1D30B7E2007BEBDE /* Info.plist */,
				18AFE5F31D30B7E2007BEBDE /* yingwo.xcdatamodeld */,
				18AFE5E71D30B7E1007BEBDE /* Supporting Files */,
			);
			path = yingwo;
			sourceTree = "<group>";
		};
		18AFE5E71D30B7E1007BEBDE /* Supporting Files */ = {
			isa = PBXGroup;
			children = (
				18AFE5E81D30B7E1007BEBDE /* main.m */,
			);
			name = "Supporting Files";
			sourceTree = "<group>";
		};
/* End PBXGroup section */

/* Begin PBXNativeTarget section */
		18AFE5E31D30B7E1007BEBDE /* yingwo */ = {
			isa = PBXNativeTarget;
			buildConfigurationList = 18AFE5FE1D30B7E2007BEBDE /* Build configuration list for PBXNativeTarget "yingwo" */;
			buildPhases = (
				18AFE5E01D30B7E1007BEBDE /* Sources */,
				18AFE5E11D30B7E1007BEBDE /* Frameworks */,
				18AFE5E21D30B7E1007BEBDE /* Resources */,
			);
			buildRules = (
			);
			dependencies = (
			);
			name = yingwo;
			productName = yingwo;
			productReference = 18AFE5E41D30B7E1007BEBDE /* yingwo.app */;
			productType = "com.apple.product-type.application";
		};
/* End PBXNativeTarget section */

/* Begin PBXProject section */
		18AFE5DC1D30B7E1007BEBDE /* Project object */ = {
			isa = PBXProject;
			attributes = {
				LastUpgradeCheck = 0730;
				ORGANIZATIONNAME = wangxiaofa;
				TargetAttributes = {
					18AFE5E31D30B7E1007BEBDE = {
						CreatedOnToolsVersion = 7.3.1;
					};
				};
			};
			buildConfigurationList = 18AFE5DF1D30B7E1007BEBDE /* Build configuration list for PBXProject "yingwo" */;
			compatibilityVersion = "Xcode 3.2";
			developmentRegion = English;
			hasScannedForEncodings = 0;
			knownRegions = (
				en,
				Base,
			);
			mainGroup = 18AFE5DB1D30B7E1007BEBDE;
			productRefGroup = 18AFE5E51D30B7E1007BEBDE /* Products */;
			projectDirPath = "";
			projectRoot = "";
			targets = (
				18AFE5E31D30B7E1007BEBDE /* yingwo */,
			);
		};
/* End PBXProject section */

/* Begin PBXResourcesBuildPhase section */
		18AFE5E21D30B7E1007BEBDE /* Resources */ = {
			isa = PBXResourcesBuildPhase;
			buildActionMask = 2147483647;
			files = (
				18AFE5FA1D30B7E2007BEBDE /* LaunchScreen.storyboard in Resources */,
				18AFE5F71D30B7E2007BEBDE /* Assets.xcassets in Resources */,
				18AFE5F21D30B7E2007BEBDE /* Main.storyboard in Resources */,
			);
			runOnlyForDeploymentPostprocessing = 0;
		};
/* End PBXResourcesBuildPhase section */

/* Begin PBXSourcesBuildPhase section */
		18AFE5E01D30B7E1007BEBDE /* Sources */ = {
			isa = PBXSourcesBuildPhase;
			buildActionMask = 2147483647;
			files = (
				18AFE5F51D30B7E2007BEBDE /* yingwo.xcdatamodeld in Sources */,
				18AFE5EF1D30B7E1007BEBDE /* ViewController.m in Sources */,
				18AFE5EC1D30B7E1007BEBDE /* AppDelegate.m in Sources */,
				18AFE5E91D30B7E1007BEBDE /* main.m in Sources */,
			);
			runOnlyForDeploymentPostprocessing = 0;
		};
/* End PBXSourcesBuildPhase section */

/* Begin PBXVariantGroup section */
		18AFE5F01D30B7E2007BEBDE /* Main.storyboard */ = {
			isa = PBXVariantGroup;
			children = (
				18AFE5F11D30B7E2007BEBDE /* Base */,
			);
			name = Main.storyboard;
			sourceTree = "<group>";
		};
		18AFE5F81D30B7E2007BEBDE /* LaunchScreen.storyboard */ = {
			isa = PBXVariantGroup;
			children = (
				18AFE5F91D30B7E2007BEBDE /* Base */,
			);
			name = LaunchScreen.storyboard;
			sourceTree = "<group>";
		};
/* End PBXVariantGroup section */

/* Begin XCBuildConfiguration section */
		18AFE5FC1D30B7E2007BEBDE /* Debug */ = {
			isa = XCBuildConfiguration;
			buildSettings = {
				ALWAYS_SEARCH_USER_PATHS = NO;
				CLANG_ANALYZER_NONNULL = YES;
				CLANG_CXX_LANGUAGE_STANDARD = "gnu++0x";
				CLANG_CXX_LIBRARY = "libc++";
				CLANG_ENABLE_MODULES = YES;
				CLANG_ENABLE_OBJC_ARC = YES;
				CLANG_WARN_BOOL_CONVERSION = YES;
				CLANG_WARN_CONSTANT_CONVERSION = YES;
				CLANG_WARN_DIRECT_OBJC_ISA_USAGE = YES_ERROR;
				CLANG_WARN_EMPTY_BODY = YES;
				CLANG_WARN_ENUM_CONVERSION = YES;
				CLANG_WARN_INT_CONVERSION = YES;
				CLANG_WARN_OBJC_ROOT_CLASS = YES_ERROR;
				CLANG_WARN_UNREACHABLE_CODE = YES;
				CLANG_WARN__DUPLICATE_METHOD_MATCH = YES;
				"CODE_SIGN_IDENTITY[sdk=iphoneos*]" = "iPhone Developer";
				COPY_PHASE_STRIP = NO;
				DEBUG_INFORMATION_FORMAT = dwarf;
				ENABLE_STRICT_OBJC_MSGSEND = YES;
				ENABLE_TESTABILITY = YES;
				GCC_C_LANGUAGE_STANDARD = gnu99;
				GCC_DYNAMIC_NO_PIC = NO;
				GCC_NO_COMMON_BLOCKS = YES;
				GCC_OPTIMIZATION_LEVEL = 0;
				GCC_PREPROCESSOR_DEFINITIONS = (
					"DEBUG=1",
					"$(inherited)",
				);
				GCC_WARN_64_TO_32_BIT_CONVERSION = YES;
				GCC_WARN_ABOUT_RETURN_TYPE = YES_ERROR;
				GCC_WARN_UNDECLARED_SELECTOR = YES;
				GCC_WARN_UNINITIALIZED_AUTOS = YES_AGGRESSIVE;
				GCC_WARN_UNUSED_FUNCTION = YES;
				GCC_WARN_UNUSED_VARIABLE = YES;
				IPHONEOS_DEPLOYMENT_TARGET = 9.3;
				MTL_ENABLE_DEBUG_INFO = YES;
				ONLY_ACTIVE_ARCH = YES;
				SDKROOT = iphoneos;
			};
			name = Debug;
		};
		18AFE5FD1D30B7E2007BEBDE /* Release */ = {
			isa = XCBuildConfiguration;
			buildSettings = {
				ALWAYS_SEARCH_USER_PATHS = NO;
				CLANG_ANALYZER_NONNULL = YES;
				CLANG_CXX_LANGUAGE_STANDARD = "gnu++0x";
				CLANG_CXX_LIBRARY = "libc++";
				CLANG_ENABLE_MODULES = YES;
				CLANG_ENABLE_OBJC_ARC = YES;
				CLANG_WARN_BOOL_CONVERSION = YES;
				CLANG_WARN_CONSTANT_CONVERSION = YES;
				CLANG_WARN_DIRECT_OBJC_ISA_USAGE = YES_ERROR;
				CLANG_WARN_EMPTY_BODY = YES;
				CLANG_WARN_ENUM_CONVERSION = YES;
				CLANG_WARN_INT_CONVERSION = YES;
				CLANG_WARN_OBJC_ROOT_CLASS = YES_ERROR;
				CLANG_WARN_UNREACHABLE_CODE = YES;
				CLANG_WARN__DUPLICATE_METHOD_MATCH = YES;
				"CODE_SIGN_IDENTITY[sdk=iphoneos*]" = "iPhone Developer";
				COPY_PHASE_STRIP = NO;
				DEBUG_INFORMATION_FORMAT = "dwarf-with-dsym";
				ENABLE_NS_ASSERTIONS = NO;
				ENABLE_STRICT_OBJC_MSGSEND = YES;
				GCC_C_LANGUAGE_STANDARD = gnu99;
				GCC_NO_COMMON_BLOCKS = YES;
				GCC_WARN_64_TO_32_BIT_CONVERSION = YES;
				GCC_WARN_ABOUT_RETURN_TYPE = YES_ERROR;
				GCC_WARN_UNDECLARED_SELECTOR = YES;
				GCC_WARN_UNINITIALIZED_AUTOS = YES_AGGRESSIVE;
				GCC_WARN_UNUSED_FUNCTION = YES;
				GCC_WARN_UNUSED_VARIABLE = YES;
				IPHONEOS_DEPLOYMENT_TARGET = 9.3;
				MTL_ENABLE_DEBUG_INFO = NO;
				SDKROOT = iphoneos;
				VALIDATE_PRODUCT = YES;
			};
			name = Release;
		};
		18AFE5FF1D30B7E2007BEBDE /* Debug */ = {
			isa = XCBuildConfiguration;
			buildSettings = {
				ASSETCATALOG_COMPILER_APPICON_NAME = AppIcon;
				INFOPLIST_FILE = yingwo/Info.plist;
				LD_RUNPATH_SEARCH_PATHS = "$(inherited) @executable_path/Frameworks";
				PRODUCT_BUNDLE_IDENTIFIER = com.wangxiaofa.yingwo.yingwo;
				PRODUCT_NAME = "$(TARGET_NAME)";
			};
			name = Debug;
		};
		18AFE6001D30B7E2007BEBDE /* Release */ = {
			isa = XCBuildConfiguration;
			buildSettings = {
				ASSETCATALOG_COMPILER_APPICON_NAME = AppIcon;
				INFOPLIST_FILE = yingwo/Info.plist;
				LD_RUNPATH_SEARCH_PATHS = "$(inherited) @executable_path/Frameworks";
				PRODUCT_BUNDLE_IDENTIFIER = com.wangxiaofa.yingwo.yingwo;
				PRODUCT_NAME = "$(TARGET_NAME)";
			};
			name = Release;
		};
/* End XCBuildConfiguration section */

/* Begin XCConfigurationList section */
		18AFE5DF1D30B7E1007BEBDE /* Build configuration list for PBXProject "yingwo" */ = {
			isa = XCConfigurationList;
			buildConfigurations = (
				18AFE5FC1D30B7E2007BEBDE /* Debug */,
				18AFE5FD1D30B7E2007BEBDE /* Release */,
			);
			defaultConfigurationIsVisible = 0;
			defaultConfigurationName = Release;
		};
		18AFE5FE1D30B7E2007BEBDE /* Build configuration list for PBXNativeTarget "yingwo" */ = {
			isa = XCConfigurationList;
			buildConfigurations = (
				18AFE5FF1D30B7E2007BEBDE /* Debug */,
				18AFE6001D30B7E2007BEBDE /* Release */,
			);
			defaultConfigurationIsVisible = 0;
		};
/* End XCConfigurationList section */

/* Begin XCVersionGroup section */
		18AFE5F31D30B7E2007BEBDE /* yingwo.xcdatamodeld */ = {
			isa = XCVersionGroup;
			children = (
				18AFE5F41D30B7E2007BEBDE /* yingwo.xcdatamodel */,
			);
			currentVersion = 18AFE5F41D30B7E2007BEBDE /* yingwo.xcdatamodel */;
			path = yingwo.xcdatamodeld;
			sourceTree = "<group>";
			versionGroupType = wrapper.xcdatamodel;
		};
/* End XCVersionGroup section */
	};
	rootObject = 18AFE5DC1D30B7E1007BEBDE /* Project object */;
}
